
Microsoft Visual Studio Solution File, Format Version 12.00
# Visual Studio Version 17
VisualStudioVersion = 17.0.31919.166
MinimumVisualStudioVersion = 10.0.40219.1
Project("{FAE04EC0-301F-11D3-BF4B-00C04F79EFBC}") = "DemoQuartz", "DemoQuartz\DemoQuartz.csproj", "{FD672197-AA52-4BEC-8035-5692BB76D96A}"
EndProject
Global
	GlobalSection(SolutionConfigurationPlatforms) = preSolution
		Debug|Any CPU = Debug|Any CPU
		Release|Any CPU = Release|Any CPU
	EndGlobalSection
	GlobalSection(ProjectConfigurationPlatforms) = postSolution
		{FD672197-AA52-4BEC-8035-5692BB76D96A}.Debug|Any CPU.ActiveCfg = Debug|Any CPU
		{FD672197-AA52-4BEC-8035-5692BB76D96A}.Debug|Any CPU.Build.0 = Debug|Any CPU
		{FD672197-AA52-4BEC-8035-5692BB76D96A}.Release|Any CPU.ActiveCfg = Release|Any CPU
		{FD672197-AA52-4BEC-8035-5692BB76D96A}.Release|Any CPU.Build.0 = Release|Any CPU
	EndGlobalSection
	GlobalSection(SolutionProperties) = preSolution
		HideSolutionNode = FALSE
	EndGlobalSection
	GlobalSection(ExtensibilityGlobals) = postSolution
		SolutionGuid = {B2C68AAA-35A9-4AA1-B3E3-93973388FA47}
	EndGlobalSection
EndGlobal
